
Microsoft Visual Studio Solution File, Format Version 12.00
# Visual Studio Version 16
VisualStudioVersion = 16.0.30907.101
MinimumVisualStudioVersion = 10.0.40219.1
Project("{FAE04EC0-301F-11D3-BF4B-00C04F79EFBC}") = "ProgrammingProject", "ProgrammingProject.csproj", "{7C75E3C3-31DE-4C10-8346-8DE11F4940AF}"
EndProject
Global
	GlobalSection(SolutionConfigurationPlatforms) = preSolution
		Debug|Any CPU = Debug|Any CPU
		Release|Any CPU = Release|Any CPU
	EndGlobalSection
	GlobalSection(ProjectConfigurationPlatforms) = postSolution
		{7C75E3C3-31DE-4C10-8346-8DE11F4940AF}.Debug|Any CPU.ActiveCfg = Debug|Any CPU
		{7C75E3C3-31DE-4C10-8346-8DE11F4940AF}.Debug|Any CPU.Build.0 = Debug|Any CPU
		{7C75E3C3-31DE-4C10-8346-8DE11F4940AF}.Release|Any CPU.ActiveCfg = Release|Any CPU
		{7C75E3C3-31DE-4C10-8346-8DE11F4940AF}.Release|Any CPU.Build.0 = Release|Any CPU
	EndGlobalSection
	GlobalSection(SolutionProperties) = preSolution
		HideSolutionNode = FALSE
	EndGlobalSection
	GlobalSection(ExtensibilityGlobals) = postSolution
		SolutionGuid = {00651C66-EB49-44EE-9D99-DF6A42B340A3}
	EndGlobalSection
EndGlobal
